
Microsoft Visual Studio Solution File, Format Version 12.00
# Visual Studio Version 17
VisualStudioVersion = 17.8.34330.188
MinimumVisualStudioVersion = 10.0.40219.1
Project("{2150E333-8FDC-42A3-9474-1A3956D46DE8}") = "Gateway", "Gateway", "{FC2C0529-6CEF-483D-94C4-8CD5F15A95E3}"
EndProject
Project("{2150E333-8FDC-42A3-9474-1A3956D46DE8}") = "Shared", "Shared", "{0A86E09A-52CD-4AA5-A1A9-B84223480A96}"
EndProject
Project("{2150E333-8FDC-42A3-9474-1A3956D46DE8}") = "MicroServices", "MicroServices", "{94DB79BB-9283-4FB7-A312-E11AF279AC00}"
EndProject
Project("{9A19103F-16F7-4668-BE54-9A1E7A4F7556}") = "Cinema.Services.MovieAPI", "MicroServices\Cinema.Services.MovieAPI\Cinema.Services.MovieAPI.csproj", "{11875D93-ABEB-4C5C-B95B-62418B21F6B1}"
EndProject
Project("{9A19103F-16F7-4668-BE54-9A1E7A4F7556}") = "Cinema.Services.SessionAPI", "MicroServices\Cinema.Services.SessionAPI\Cinema.Services.SessionAPI.csproj", "{849C22B9-7375-4D17-A579-1E2ADCF1BF8F}"
EndProject
Project("{9A19103F-16F7-4668-BE54-9A1E7A4F7556}") = "Cinema.Services.MailWorkerService", "MicroServices\Cinema.Services.MailWorkerService\Cinema.Services.MailWorkerService.csproj", "{D8BA5426-B906-4C1A-A946-20E8F5D10B02}"
EndProject
Project("{9A19103F-16F7-4668-BE54-9A1E7A4F7556}") = "Cinema.Services.RezervationAPI", "MicroServices\Cinema.Services.RezervationAPI\Cinema.Services.RezervationAPI.csproj", "{111CE756-B6F8-49A9-BAAA-FCB86D47D490}"
EndProject
Project("{9A19103F-16F7-4668-BE54-9A1E7A4F7556}") = "Cinema.Services.PaymentAPI", "MicroServices\Cinema.Services.PaymentAPI\Cinema.Services.PaymentAPI.csproj", "{52910210-7944-44A2-B789-019515101089}"
EndProject
Project("{9A19103F-16F7-4668-BE54-9A1E7A4F7556}") = "SharedLibrary", "Shared\SharedLibrary\SharedLibrary.csproj", "{92923D50-6869-4BF4-B7AC-30FAA370B8D0}"
EndProject
Project("{9A19103F-16F7-4668-BE54-9A1E7A4F7556}") = "Cinema.APIGateway", "Gateway\Cinema.APIGateway\Cinema.APIGateway.csproj", "{D7E71DF6-1300-4922-9586-31FD0CAD5E96}"
EndProject
Project("{9A19103F-16F7-4668-BE54-9A1E7A4F7556}") = "Cinema.Services.CategoryAPI", "MicroServices\Cinema.Services.CategoryAPI\Cinema.Services.CategoryAPI.csproj", "{1B23EDFA-F629-46B1-A84B-29B2DB300017}"
EndProject
Project("{9A19103F-16F7-4668-BE54-9A1E7A4F7556}") = "Cinema.Services.FileAPI", "MicroServices\Cinema.Services.FileAPI\Cinema.Services.FileAPI.csproj", "{18E21000-78D5-42E1-9B2D-FCFB9A5D1AD7}"
EndProject
Project("{2150E333-8FDC-42A3-9474-1A3956D46DE8}") = "Orchestration", "Orchestration", "{C3160762-7410-4FC0-BE26-1827858B2397}"
EndProject
Project("{9A19103F-16F7-4668-BE54-9A1E7A4F7556}") = "SagaStateMachine.Service", "Orchestration\SagaStateMachine.Service\SagaStateMachine.Service.csproj", "{28CDB8E0-3DE2-4003-893B-81B236ACD086}"
EndProject
Project("{FAE04EC0-301F-11D3-BF4B-00C04F79EFBC}") = "Cinema.Services.AuthAPI", "MicroServices\Cinema.Services.AuthAPI\Cinema.Services.AuthAPI.csproj", "{1A24742E-53C4-40C3-BD05-3E1A1C8B9118}"
EndProject
Global
	GlobalSection(SolutionConfigurationPlatforms) = preSolution
		Debug|Any CPU = Debug|Any CPU
		Release|Any CPU = Release|Any CPU
	EndGlobalSection
	GlobalSection(ProjectConfigurationPlatforms) = postSolution
		{11875D93-ABEB-4C5C-B95B-62418B21F6B1}.Debug|Any CPU.ActiveCfg = Debug|Any CPU
		{11875D93-ABEB-4C5C-B95B-62418B21F6B1}.Debug|Any CPU.Build.0 = Debug|Any CPU
		{11875D93-ABEB-4C5C-B95B-62418B21F6B1}.Release|Any CPU.ActiveCfg = Release|Any CPU
		{11875D93-ABEB-4C5C-B95B-62418B21F6B1}.Release|Any CPU.Build.0 = Release|Any CPU
		{849C22B9-7375-4D17-A579-1E2ADCF1BF8F}.Debug|Any CPU.ActiveCfg = Debug|Any CPU
		{849C22B9-7375-4D17-A579-1E2ADCF1BF8F}.Debug|Any CPU.Build.0 = Debug|Any CPU
		{849C22B9-7375-4D17-A579-1E2ADCF1BF8F}.Release|Any CPU.ActiveCfg = Release|Any CPU
		{849C22B9-7375-4D17-A579-1E2ADCF1BF8F}.Release|Any CPU.Build.0 = Release|Any CPU
		{D8BA5426-B906-4C1A-A946-20E8F5D10B02}.Debug|Any CPU.ActiveCfg = Debug|Any CPU
		{D8BA5426-B906-4C1A-A946-20E8F5D10B02}.Debug|Any CPU.Build.0 = Debug|Any CPU
		{D8BA5426-B906-4C1A-A946-20E8F5D10B02}.Release|Any CPU.ActiveCfg = Release|Any CPU
		{D8BA5426-B906-4C1A-A946-20E8F5D10B02}.Release|Any CPU.Build.0 = Release|Any CPU
		{111CE756-B6F8-49A9-BAAA-FCB86D47D490}.Debug|Any CPU.ActiveCfg = Debug|Any CPU
		{111CE756-B6F8-49A9-BAAA-FCB86D47D490}.Debug|Any CPU.Build.0 = Debug|Any CPU
		{111CE756-B6F8-49A9-BAAA-FCB86D47D490}.Release|Any CPU.ActiveCfg = Release|Any CPU
		{111CE756-B6F8-49A9-BAAA-FCB86D47D490}.Release|Any CPU.Build.0 = Release|Any CPU
		{52910210-7944-44A2-B789-019515101089}.Debug|Any CPU.ActiveCfg = Debug|Any CPU
		{52910210-7944-44A2-B789-019515101089}.Debug|Any CPU.Build.0 = Debug|Any CPU
		{52910210-7944-44A2-B789-019515101089}.Release|Any CPU.ActiveCfg = Release|Any CPU
		{52910210-7944-44A2-B789-019515101089}.Release|Any CPU.Build.0 = Release|Any CPU
		{92923D50-6869-4BF4-B7AC-30FAA370B8D0}.Debug|Any CPU.ActiveCfg = Debug|Any CPU
		{92923D50-6869-4BF4-B7AC-30FAA370B8D0}.Debug|Any CPU.Build.0 = Debug|Any CPU
		{92923D50-6869-4BF4-B7AC-30FAA370B8D0}.Release|Any CPU.ActiveCfg = Release|Any CPU
		{92923D50-6869-4BF4-B7AC-30FAA370B8D0}.Release|Any CPU.Build.0 = Release|Any CPU
		{D7E71DF6-1300-4922-9586-31FD0CAD5E96}.Debug|Any CPU.ActiveCfg = Debug|Any CPU
		{D7E71DF6-1300-4922-9586-31FD0CAD5E96}.Debug|Any CPU.Build.0 = Debug|Any CPU
		{D7E71DF6-1300-4922-9586-31FD0CAD5E96}.Release|Any CPU.ActiveCfg = Release|Any CPU
		{D7E71DF6-1300-4922-9586-31FD0CAD5E96}.Release|Any CPU.Build.0 = Release|Any CPU
		{1B23EDFA-F629-46B1-A84B-29B2DB300017}.Debug|Any CPU.ActiveCfg = Debug|Any CPU
		{1B23EDFA-F629-46B1-A84B-29B2DB300017}.Debug|Any CPU.Build.0 = Debug|Any CPU
		{1B23EDFA-F629-46B1-A84B-29B2DB300017}.Release|Any CPU.ActiveCfg = Release|Any CPU
		{1B23EDFA-F629-46B1-A84B-29B2DB300017}.Release|Any CPU.Build.0 = Release|Any CPU
		{18E21000-78D5-42E1-9B2D-FCFB9A5D1AD7}.Debug|Any CPU.ActiveCfg = Debug|Any CPU
		{18E21000-78D5-42E1-9B2D-FCFB9A5D1AD7}.Debug|Any CPU.Build.0 = Debug|Any CPU
		{18E21000-78D5-42E1-9B2D-FCFB9A5D1AD7}.Release|Any CPU.ActiveCfg = Release|Any CPU
		{18E21000-78D5-42E1-9B2D-FCFB9A5D1AD7}.Release|Any CPU.Build.0 = Release|Any CPU
		{28CDB8E0-3DE2-4003-893B-81B236ACD086}.Debug|Any CPU.ActiveCfg = Debug|Any CPU
		{28CDB8E0-3DE2-4003-893B-81B236ACD086}.Debug|Any CPU.Build.0 = Debug|Any CPU
		{28CDB8E0-3DE2-4003-893B-81B236ACD086}.Release|Any CPU.ActiveCfg = Release|Any CPU
		{28CDB8E0-3DE2-4003-893B-81B236ACD086}.Release|Any CPU.Build.0 = Release|Any CPU
		{1A24742E-53C4-40C3-BD05-3E1A1C8B9118}.Debug|Any CPU.ActiveCfg = Debug|Any CPU
		{1A24742E-53C4-40C3-BD05-3E1A1C8B9118}.Debug|Any CPU.Build.0 = Debug|Any CPU
		{1A24742E-53C4-40C3-BD05-3E1A1C8B9118}.Release|Any CPU.ActiveCfg = Release|Any CPU
		{1A24742E-53C4-40C3-BD05-3E1A1C8B9118}.Release|Any CPU.Build.0 = Release|Any CPU
	EndGlobalSection
	GlobalSection(SolutionProperties) = preSolution
		HideSolutionNode = FALSE
	EndGlobalSection
	GlobalSection(NestedProjects) = preSolution
		{11875D93-ABEB-4C5C-B95B-62418B21F6B1} = {94DB79BB-9283-4FB7-A312-E11AF279AC00}
		{849C22B9-7375-4D17-A579-1E2ADCF1BF8F} = {94DB79BB-9283-4FB7-A312-E11AF279AC00}
		{D8BA5426-B906-4C1A-A946-20E8F5D10B02} = {94DB79BB-9283-4FB7-A312-E11AF279AC00}
		{111CE756-B6F8-49A9-BAAA-FCB86D47D490} = {94DB79BB-9283-4FB7-A312-E11AF279AC00}
		{52910210-7944-44A2-B789-019515101089} = {94DB79BB-9283-4FB7-A312-E11AF279AC00}
		{92923D50-6869-4BF4-B7AC-30FAA370B8D0} = {0A86E09A-52CD-4AA5-A1A9-B84223480A96}
		{D7E71DF6-1300-4922-9586-31FD0CAD5E96} = {FC2C0529-6CEF-483D-94C4-8CD5F15A95E3}
		{1B23EDFA-F629-46B1-A84B-29B2DB300017} = {94DB79BB-9283-4FB7-A312-E11AF279AC00}
		{18E21000-78D5-42E1-9B2D-FCFB9A5D1AD7} = {94DB79BB-9283-4FB7-A312-E11AF279AC00}
		{28CDB8E0-3DE2-4003-893B-81B236ACD086} = {C3160762-7410-4FC0-BE26-1827858B2397}
		{1A24742E-53C4-40C3-BD05-3E1A1C8B9118} = {94DB79BB-9283-4FB7-A312-E11AF279AC00}
	EndGlobalSection
	GlobalSection(ExtensibilityGlobals) = postSolution
		SolutionGuid = {A59FDE0F-9419-49DE-8613-0BBB269BFA38}
	EndGlobalSection
EndGlobal
